
Microsoft Visual Studio Solution File, Format Version 12.00
# Visual Studio 15
VisualStudioVersion = 15.0.25807.0
MinimumVisualStudioVersion = 10.0.40219.1
Project("{2150E333-8FDC-42A3-9474-1A3956D46DE8}") = "Engine", "Engine", "{C252169A-6D76-4DB9-85D1-D99EB1208BCE}"
EndProject
Project("{2150E333-8FDC-42A3-9474-1A3956D46DE8}") = "Games", "Games", "{95DCB3EF-3203-4467-B38A-78FA108A078D}"
EndProject
Project("{8BC9CEB8-8B4A-11D0-8D11-00A0C91BC942}") = "CosmicLife", "Intermediate\ProjectFiles\CosmicLife.vcxproj", "{D5034092-F22F-4516-B1A1-537D42FB9160}"
EndProject
Project("{8BC9CEB8-8B4A-11D0-8D11-00A0C91BC942}") = "UE4", "Intermediate\ProjectFiles\UE4.vcxproj", "{EAFC350A-837B-4C57-8A65-7E8AE3022592}"
EndProject
Project("{2150E333-8FDC-42A3-9474-1A3956D46DE8}") = "Visualizers", "Visualizers", "{69ED69E9-73F5-4ED3-AFD9-37C3FE880994}"
	ProjectSection(SolutionItems) = preProject
		E:\UnrealEngine\UE_4.21\Engine\Extras\VisualStudioDebugging\UE4.natvis = E:\UnrealEngine\UE_4.21\Engine\Extras\VisualStudioDebugging\UE4.natvis
	EndProjectSection
EndProject
Global
	GlobalSection(SolutionConfigurationPlatforms) = preSolution
		DebugGame Editor|Android = DebugGame Editor|Android
		DebugGame Editor|HTML5 = DebugGame Editor|HTML5
		DebugGame Editor|IOS = DebugGame Editor|IOS
		DebugGame Editor|Win32 = DebugGame Editor|Win32
		DebugGame Editor|Win64 = DebugGame Editor|Win64
		DebugGame|Android = DebugGame|Android
		DebugGame|HTML5 = DebugGame|HTML5
		DebugGame|IOS = DebugGame|IOS
		DebugGame|Win32 = DebugGame|Win32
		DebugGame|Win64 = DebugGame|Win64
		Development Editor|Android = Development Editor|Android
		Development Editor|HTML5 = Development Editor|HTML5
		Development Editor|IOS = Development Editor|IOS
		Development Editor|Win32 = Development Editor|Win32
		Development Editor|Win64 = Development Editor|Win64
		Development|Android = Development|Android
		Development|HTML5 = Development|HTML5
		Development|IOS = Development|IOS
		Development|Win32 = Development|Win32
		Development|Win64 = Development|Win64
		Shipping|Android = Shipping|Android
		Shipping|HTML5 = Shipping|HTML5
		Shipping|IOS = Shipping|IOS
		Shipping|Win32 = Shipping|Win32
		Shipping|Win64 = Shipping|Win64
	EndGlobalSection
	GlobalSection(ProjectConfigurationPlatforms) = postSolution
		{D5034092-F22F-4516-B1A1-537D42FB9160}.DebugGame Editor|Android.ActiveCfg = Invalid|Win32
		{D5034092-F22F-4516-B1A1-537D42FB9160}.DebugGame Editor|HTML5.ActiveCfg = Invalid|Win32
		{D5034092-F22F-4516-B1A1-537D42FB9160}.DebugGame Editor|IOS.ActiveCfg = Invalid|Win32
		{D5034092-F22F-4516-B1A1-537D42FB9160}.DebugGame Editor|Win32.ActiveCfg = Invalid|Win32
		{D5034092-F22F-4516-B1A1-537D42FB9160}.DebugGame Editor|Win64.ActiveCfg = DebugGame_Editor|x64
		{D5034092-F22F-4516-B1A1-537D42FB9160}.DebugGame Editor|Win64.Build.0 = DebugGame_Editor|x64
		{D5034092-F22F-4516-B1A1-537D42FB9160}.DebugGame|Android.ActiveCfg = DebugGame|Win32
		{D5034092-F22F-4516-B1A1-537D42FB9160}.DebugGame|HTML5.ActiveCfg = HTML5_DebugGame|Win32
		{D5034092-F22F-4516-B1A1-537D42FB9160}.DebugGame|HTML5.Build.0 = HTML5_DebugGame|Win32
		{D5034092-F22F-4516-B1A1-537D42FB9160}.DebugGame|IOS.ActiveCfg = IOS_DebugGame|Win32
		{D5034092-F22F-4516-B1A1-537D42FB9160}.DebugGame|IOS.Build.0 = IOS_DebugGame|Win32
		{D5034092-F22F-4516-B1A1-537D42FB9160}.DebugGame|Win32.ActiveCfg = DebugGame|Win32
		{D5034092-F22F-4516-B1A1-537D42FB9160}.DebugGame|Win32.Build.0 = DebugGame|Win32
		{D5034092-F22F-4516-B1A1-537D42FB9160}.DebugGame|Win64.ActiveCfg = DebugGame|x64
		{D5034092-F22F-4516-B1A1-537D42FB9160}.DebugGame|Win64.Build.0 = DebugGame|x64
		{D5034092-F22F-4516-B1A1-537D42FB9160}.Development Editor|Android.ActiveCfg = Invalid|Win32
		{D5034092-F22F-4516-B1A1-537D42FB9160}.Development Editor|HTML5.ActiveCfg = Invalid|Win32
		{D5034092-F22F-4516-B1A1-537D42FB9160}.Development Editor|IOS.ActiveCfg = Invalid|Win32
		{D5034092-F22F-4516-B1A1-537D42FB9160}.Development Editor|Win32.ActiveCfg = Invalid|Win32
		{D5034092-F22F-4516-B1A1-537D42FB9160}.Development Editor|Win64.ActiveCfg = Development_Editor|x64
		{D5034092-F22F-4516-B1A1-537D42FB9160}.Development Editor|Win64.Build.0 = Development_Editor|x64
		{D5034092-F22F-4516-B1A1-537D42FB9160}.Development|Android.ActiveCfg = Development|Win32
		{D5034092-F22F-4516-B1A1-537D42FB9160}.Development|HTML5.ActiveCfg = HTML5_Development|Win32
		{D5034092-F22F-4516-B1A1-537D42FB9160}.Development|HTML5.Build.0 = HTML5_Development|Win32
		{D5034092-F22F-4516-B1A1-537D42FB9160}.Development|IOS.ActiveCfg = IOS_Development|Win32
		{D5034092-F22F-4516-B1A1-537D42FB9160}.Development|IOS.Build.0 = IOS_Development|Win32
		{D5034092-F22F-4516-B1A1-537D42FB9160}.Development|Win32.ActiveCfg = Development|Win32
		{D5034092-F22F-4516-B1A1-537D42FB9160}.Development|Win32.Build.0 = Development|Win32
		{D5034092-F22F-4516-B1A1-537D42FB9160}.Development|Win64.ActiveCfg = Development|x64
		{D5034092-F22F-4516-B1A1-537D42FB9160}.Development|Win64.Build.0 = Development|x64
		{D5034092-F22F-4516-B1A1-537D42FB9160}.Shipping|Android.ActiveCfg = Shipping|Win32
		{D5034092-F22F-4516-B1A1-537D42FB9160}.Shipping|HTML5.ActiveCfg = HTML5_Shipping|Win32
		{D5034092-F22F-4516-B1A1-537D42FB9160}.Shipping|HTML5.Build.0 = HTML5_Shipping|Win32
		{D5034092-F22F-4516-B1A1-537D42FB9160}.Shipping|IOS.ActiveCfg = IOS_Shipping|Win32
		{D5034092-F22F-4516-B1A1-537D42FB9160}.Shipping|IOS.Build.0 = IOS_Shipping|Win32
		{D5034092-F22F-4516-B1A1-537D42FB9160}.Shipping|Win32.ActiveCfg = Shipping|Win32
		{D5034092-F22F-4516-B1A1-537D42FB9160}.Shipping|Win32.Build.0 = Shipping|Win32
		{D5034092-F22F-4516-B1A1-537D42FB9160}.Shipping|Win64.ActiveCfg = Shipping|x64
		{D5034092-F22F-4516-B1A1-537D42FB9160}.Shipping|Win64.Build.0 = Shipping|x64
		{EAFC350A-837B-4C57-8A65-7E8AE3022592}.DebugGame Editor|Android.ActiveCfg = BuiltWithUnrealBuildTool|Win32
		{EAFC350A-837B-4C57-8A65-7E8AE3022592}.DebugGame Editor|HTML5.ActiveCfg = BuiltWithUnrealBuildTool|Win32
		{EAFC350A-837B-4C57-8A65-7E8AE3022592}.DebugGame Editor|IOS.ActiveCfg = BuiltWithUnrealBuildTool|Win32
		{EAFC350A-837B-4C57-8A65-7E8AE3022592}.DebugGame Editor|Win32.ActiveCfg = BuiltWithUnrealBuildTool|Win32
		{EAFC350A-837B-4C57-8A65-7E8AE3022592}.DebugGame Editor|Win64.ActiveCfg = BuiltWithUnrealBuildTool|Win32
		{EAFC350A-837B-4C57-8A65-7E8AE3022592}.DebugGame|Android.ActiveCfg = BuiltWithUnrealBuildTool|Win32
		{EAFC350A-837B-4C57-8A65-7E8AE3022592}.DebugGame|HTML5.ActiveCfg = BuiltWithUnrealBuildTool|Win32
		{EAFC350A-837B-4C57-8A65-7E8AE3022592}.DebugGame|IOS.ActiveCfg = BuiltWithUnrealBuildTool|Win32
		{EAFC350A-837B-4C57-8A65-7E8AE3022592}.DebugGame|Win32.ActiveCfg = BuiltWithUnrealBuildTool|Win32
		{EAFC350A-837B-4C57-8A65-7E8AE3022592}.DebugGame|Win64.ActiveCfg = BuiltWithUnrealBuildTool|Win32
		{EAFC350A-837B-4C57-8A65-7E8AE3022592}.Development Editor|Android.ActiveCfg = BuiltWithUnrealBuildTool|Win32
		{EAFC350A-837B-4C57-8A65-7E8AE3022592}.Development Editor|HTML5.ActiveCfg = BuiltWithUnrealBuildTool|Win32
		{EAFC350A-837B-4C57-8A65-7E8AE3022592}.Development Editor|IOS.ActiveCfg = BuiltWithUnrealBuildTool|Win32
		{EAFC350A-837B-4C57-8A65-7E8AE3022592}.Development Editor|Win32.ActiveCfg = BuiltWithUnrealBuildTool|Win32
		{EAFC350A-837B-4C57-8A65-7E8AE3022592}.Development Editor|Win64.ActiveCfg = BuiltWithUnrealBuildTool|Win32
		{EAFC350A-837B-4C57-8A65-7E8AE3022592}.Development|Android.ActiveCfg = BuiltWithUnrealBuildTool|Win32
		{EAFC350A-837B-4C57-8A65-7E8AE3022592}.Development|HTML5.ActiveCfg = BuiltWithUnrealBuildTool|Win32
		{EAFC350A-837B-4C57-8A65-7E8AE3022592}.Development|IOS.ActiveCfg = BuiltWithUnrealBuildTool|Win32
		{EAFC350A-837B-4C57-8A65-7E8AE3022592}.Development|Win32.ActiveCfg = BuiltWithUnrealBuildTool|Win32
		{EAFC350A-837B-4C57-8A65-7E8AE3022592}.Development|Win64.ActiveCfg = BuiltWithUnrealBuildTool|Win32
		{EAFC350A-837B-4C57-8A65-7E8AE3022592}.Shipping|Android.ActiveCfg = BuiltWithUnrealBuildTool|Win32
		{EAFC350A-837B-4C57-8A65-7E8AE3022592}.Shipping|HTML5.ActiveCfg = BuiltWithUnrealBuildTool|Win32
		{EAFC350A-837B-4C57-8A65-7E8AE3022592}.Shipping|IOS.ActiveCfg = BuiltWithUnrealBuildTool|Win32
		{EAFC350A-837B-4C57-8A65-7E8AE3022592}.Shipping|Win32.ActiveCfg = BuiltWithUnrealBuildTool|Win32
		{EAFC350A-837B-4C57-8A65-7E8AE3022592}.Shipping|Win64.ActiveCfg = BuiltWithUnrealBuildTool|Win32
	EndGlobalSection
	GlobalSection(SolutionProperties) = preSolution
		HideSolutionNode = FALSE
	EndGlobalSection
	GlobalSection(NestedProjects) = preSolution
		{D5034092-F22F-4516-B1A1-537D42FB9160} = {95DCB3EF-3203-4467-B38A-78FA108A078D}
		{EAFC350A-837B-4C57-8A65-7E8AE3022592} = {C252169A-6D76-4DB9-85D1-D99EB1208BCE}
	EndGlobalSection
	GlobalSection(ExtensibilityGlobals) = postSolution
		SolutionGuid = {3C103F79-2A2F-4A1F-B0B3-5A910102435A}
	EndGlobalSection
EndGlobal
